
Microsoft Visual Studio Solution File, Format Version 12.00
# Visual Studio Version 16
VisualStudioVersion = 16.0.32228.343
MinimumVisualStudioVersion = 10.0.40219.1
Project("{FAE04EC0-301F-11D3-BF4B-00C04F79EFBC}") = "BootcamMVC2", "BootcamMVC2\BootcamMVC2.csproj", "{00CEC952-2FA4-4E07-9729-727F4715027B}"
EndProject
Global
	GlobalSection(SolutionConfigurationPlatforms) = preSolution
		Debug|Any CPU = Debug|Any CPU
		Release|Any CPU = Release|Any CPU
	EndGlobalSection
	GlobalSection(ProjectConfigurationPlatforms) = postSolution
		{00CEC952-2FA4-4E07-9729-727F4715027B}.Debug|Any CPU.ActiveCfg = Debug|Any CPU
		{00CEC952-2FA4-4E07-9729-727F4715027B}.Debug|Any CPU.Build.0 = Debug|Any CPU
		{00CEC952-2FA4-4E07-9729-727F4715027B}.Release|Any CPU.ActiveCfg = Release|Any CPU
		{00CEC952-2FA4-4E07-9729-727F4715027B}.Release|Any CPU.Build.0 = Release|Any CPU
	EndGlobalSection
	GlobalSection(SolutionProperties) = preSolution
		HideSolutionNode = FALSE
	EndGlobalSection
	GlobalSection(ExtensibilityGlobals) = postSolution
		SolutionGuid = {F2707941-CC4C-4130-BE46-1E7FD5AA153B}
	EndGlobalSection
EndGlobal
